// !$*UTF8*$!
{
	archiveVersion = 1;
	classes = {
	};
	objectVersion = 56;
	objects = {

/* Begin PBXBuildFile section */
		E4E16DFE2B08039800413E88 /* AppDelegate.swift in Sources */ = {isa = PBXBuildFile; fileRef = E4E16DFD2B08039800413E88 /* AppDelegate.swift */; };
		E4E16E002B08039800413E88 /* SceneDelegate.swift in Sources */ = {isa = PBXBuildFile; fileRef = E4E16DFF2B08039800413E88 /* SceneDelegate.swift */; };
		E4E16E022B08039800413E88 /* ViewController.swift in Sources */ = {isa = PBXBuildFile; fileRef = E4E16E012B08039800413E88 /* ViewController.swift */; };
		E4E16E052B08039800413E88 /* Main.storyboard in Resources */ = {isa = PBXBuildFile; fileRef = E4E16E032B08039800413E88 /* Main.storyboard */; };
		E4E16E072B08039C00413E88 /* Assets.xcassets in Resources */ = {isa = PBXBuildFile; fileRef = E4E16E062B08039C00413E88 /* Assets.xcassets */; };
		E4E16E0A2B08039C00413E88 /* LaunchScreen.storyboard in Resources */ = {isa = PBXBuildFile; fileRef = E4E16E082B08039C00413E88 /* LaunchScreen.storyboard */; };
		E4E16E122B094F4700413E88 /* Article.swift in Sources */ = {isa = PBXBuildFile; fileRef = E4E16E112B094F4700413E88 /* Article.swift */; };
		E4E16E162B09649D00413E88 /* ResultsTableViewController.swift in Sources */ = {isa = PBXBuildFile; fileRef = E4E16E152B09649D00413E88 /* ResultsTableViewController.swift */; };
		E4E16E182B09679400413E88 /* DetailViewController.swift in Sources */ = {isa = PBXBuildFile; fileRef = E4E16E172B09679400413E88 /* DetailViewController.swift */; };
		E4E16E1A2B09734500413E88 /* APIService.swift in Sources */ = {isa = PBXBuildFile; fileRef = E4E16E192B09734500413E88 /* APIService.swift */; };
		E4E16E1C2B09758700413E88 /* ArticleParser.swift in Sources */ = {isa = PBXBuildFile; fileRef = E4E16E1B2B09758700413E88 /* ArticleParser.swift */; };
/* End PBXBuildFile section */

/* Begin PBXFileReference section */
		E4E16DFA2B08039800413E88 /* MediSimplify.app */ = {isa = PBXFileReference; explicitFileType = wrapper.application; includeInIndex = 0; path = MediSimplify.app; sourceTree = BUILT_PRODUCTS_DIR; };
		E4E16DFD2B08039800413E88 /* AppDelegate.swift */ = {isa = PBXFileReference; lastKnownFileType = sourcecode.swift; path = AppDelegate.swift; sourceTree = "<group>"; };
		E4E16DFF2B08039800413E88 /* SceneDelegate.swift */ = {isa = PBXFileReference; lastKnownFileType = sourcecode.swift; path = SceneDelegate.swift; sourceTree = "<group>"; };
		E4E16E012B08039800413E88 /* ViewController.swift */ = {isa = PBXFileReference; lastKnownFileType = sourcecode.swift; path = ViewController.swift; sourceTree = "<group>"; };
		E4E16E042B08039800413E88 /* Base */ = {isa = PBXFileReference; lastKnownFileType = file.storyboard; name = Base; path = Base.lproj/Main.storyboard; sourceTree = "<group>"; };
		E4E16E062B08039C00413E88 /* Assets.xcassets */ = {isa = PBXFileReference; lastKnownFileType = folder.assetcatalog; path = Assets.xcassets; sourceTree = "<group>"; };
		E4E16E092B08039C00413E88 /* Base */ = {isa = PBXFileReference; lastKnownFileType = file.storyboard; name = Base; path = Base.lproj/LaunchScreen.storyboard; sourceTree = "<group>"; };
		E4E16E0B2B08039C00413E88 /* Info.plist */ = {isa = PBXFileReference; lastKnownFileType = text.plist.xml; path = Info.plist; sourceTree = "<group>"; };
		E4E16E112B094F4700413E88 /* Article.swift */ = {isa = PBXFileReference; lastKnownFileType = sourcecode.swift; path = Article.swift; sourceTree = "<group>"; };
		E4E16E152B09649D00413E88 /* ResultsTableViewController.swift */ = {isa = PBXFileReference; lastKnownFileType = sourcecode.swift; path = ResultsTableViewController.swift; sourceTree = "<group>"; };
		E4E16E172B09679400413E88 /* DetailViewController.swift */ = {isa = PBXFileReference; lastKnownFileType = sourcecode.swift; path = DetailViewController.swift; sourceTree = "<group>"; };
		E4E16E192B09734500413E88 /* APIService.swift */ = {isa = PBXFileReference; lastKnownFileType = sourcecode.swift; path = APIService.swift; sourceTree = "<group>"; };
		E4E16E1B2B09758700413E88 /* ArticleParser.swift */ = {isa = PBXFileReference; lastKnownFileType = sourcecode.swift; path = ArticleParser.swift; sourceTree = "<group>"; };
/* End PBXFileReference section */

/* Begin PBXFrameworksBuildPhase section */
		E4E16DF72B08039800413E88 /* Frameworks */ = {
			isa = PBXFrameworksBuildPhase;
			buildActionMask = 2147483647;
			files = (
			);
			runOnlyForDeploymentPostprocessing = 0;
		};
/* End PBXFrameworksBuildPhase section */

/* Begin PBXGroup section */
		E4E16DF12B08039800413E88 = {
			isa = PBXGroup;
			children = (
				E4E16DFC2B08039800413E88 /* MediSimplify */,
				E4E16DFB2B08039800413E88 /* Products */,
			);
			sourceTree = "<group>";
		};
		E4E16DFB2B08039800413E88 /* Products */ = {
			isa = PBXGroup;
			children = (
				E4E16DFA2B08039800413E88 /* MediSimplify.app */,
			);
			name = Products;
			sourceTree = "<group>";
		};
		E4E16DFC2B08039800413E88 /* MediSimplify */ = {
			isa = PBXGroup;
			children = (
				E4E16DFD2B08039800413E88 /* AppDelegate.swift */,
				E4E16DFF2B08039800413E88 /* SceneDelegate.swift */,
				E4E16E012B08039800413E88 /* ViewController.swift */,
				E4E16E152B09649D00413E88 /* ResultsTableViewController.swift */,
				E4E16E172B09679400413E88 /* DetailViewController.swift */,
				E4E16E112B094F4700413E88 /* Article.swift */,
				E4E16E1B2B09758700413E88 /* ArticleParser.swift */,
				E4E16E192B09734500413E88 /* APIService.swift */,
				E4E16E032B08039800413E88 /* Main.storyboard */,
				E4E16E062B08039C00413E88 /* Assets.xcassets */,
				E4E16E082B08039C00413E88 /* LaunchScreen.storyboard */,
				E4E16E0B2B08039C00413E88 /* Info.plist */,
			);
			path = MediSimplify;
			sourceTree = "<group>";
		};
/* End PBXGroup section */

/* Begin PBXNativeTarget section */
		E4E16DF92B08039800413E88 /* MediSimplify */ = {
			isa = PBXNativeTarget;
			buildConfigurationList = E4E16E0E2B08039C00413E88 /* Build configuration list for PBXNativeTarget "MediSimplify" */;
			buildPhases = (
				E4E16DF62B08039800413E88 /* Sources */,
				E4E16DF72B08039800413E88 /* Frameworks */,
				E4E16DF82B08039800413E88 /* Resources */,
			);
			buildRules = (
			);
			dependencies = (
			);
			name = MediSimplify;
			productName = MediSimplify;
			productReference = E4E16DFA2B08039800413E88 /* MediSimplify.app */;
			productType = "com.apple.product-type.application";
		};
/* End PBXNativeTarget section */

/* Begin PBXProject section */
		E4E16DF22B08039800413E88 /* Project object */ = {
			isa = PBXProject;
			attributes = {
				BuildIndependentTargetsInParallel = 1;
				LastSwiftUpdateCheck = 1500;
				LastUpgradeCheck = 1500;
				TargetAttributes = {
					E4E16DF92B08039800413E88 = {
						CreatedOnToolsVersion = 15.0;
					};
				};
			};
			buildConfigurationList = E4E16DF52B08039800413E88 /* Build configuration list for PBXProject "MediSimplify" */;
			compatibilityVersion = "Xcode 14.0";
			developmentRegion = en;
			hasScannedForEncodings = 0;
			knownRegions = (
				en,
				Base,
			);
			mainGroup = E4E16DF12B08039800413E88;
			productRefGroup = E4E16DFB2B08039800413E88 /* Products */;
			projectDirPath = "";
			projectRoot = "";
			targets = (
				E4E16DF92B08039800413E88 /* MediSimplify */,
			);
		};
/* End PBXProject section */

/* Begin PBXResourcesBuildPhase section */
		E4E16DF82B08039800413E88 /* Resources */ = {
			isa = PBXResourcesBuildPhase;
			buildActionMask = 2147483647;
			files = (
				E4E16E0A2B08039C00413E88 /* LaunchScreen.storyboard in Resources */,
				E4E16E072B08039C00413E88 /* Assets.xcassets in Resources */,
				E4E16E052B08039800413E88 /* Main.storyboard in Resources */,
			);
			runOnlyForDeploymentPostprocessing = 0;
		};
/* End PBXResourcesBuildPhase section */

/* Begin PBXSourcesBuildPhase section */
		E4E16DF62B08039800413E88 /* Sources */ = {
			isa = PBXSourcesBuildPhase;
			buildActionMask = 2147483647;
			files = (
				E4E16E122B094F4700413E88 /* Article.swift in Sources */,
				E4E16E1A2B09734500413E88 /* APIService.swift in Sources */,
				E4E16E022B08039800413E88 /* ViewController.swift in Sources */,
				E4E16DFE2B08039800413E88 /* AppDelegate.swift in Sources */,
				E4E16E182B09679400413E88 /* DetailViewController.swift in Sources */,
				E4E16E002B08039800413E88 /* SceneDelegate.swift in Sources */,
				E4E16E162B09649D00413E88 /* ResultsTableViewController.swift in Sources */,
				E4E16E1C2B09758700413E88 /* ArticleParser.swift in Sources */,
			);
			runOnlyForDeploymentPostprocessing = 0;
		};
/* End PBXSourcesBuildPhase section */

/* Begin PBXVariantGroup section */
		E4E16E032B08039800413E88 /* Main.storyboard */ = {
			isa = PBXVariantGroup;
			children = (
				E4E16E042B08039800413E88 /* Base */,
			);
			name = Main.storyboard;
			sourceTree = "<group>";
		};
		E4E16E082B08039C00413E88 /* LaunchScreen.storyboard */ = {
			isa = PBXVariantGroup;
			children = (
				E4E16E092B08039C00413E88 /* Base */,
			);
			name = LaunchScreen.storyboard;
			sourceTree = "<group>";
		};
/* End PBXVariantGroup section */

/* Begin XCBuildConfiguration section */
		E4E16E0C2B08039C00413E88 /* Debug */ = {
			isa = XCBuildConfiguration;
			buildSettings = {
				ALWAYS_SEARCH_USER_PATHS = NO;
				ASSETCATALOG_COMPILER_GENERATE_SWIFT_ASSET_SYMBOL_EXTENSIONS = YES;
				CLANG_ANALYZER_NONNULL = YES;
				CLANG_ANALYZER_NUMBER_OBJECT_CONVERSION = YES_AGGRESSIVE;
				CLANG_CXX_LANGUAGE_STANDARD = "gnu++20";
				CLANG_ENABLE_MODULES = YES;
				CLANG_ENABLE_OBJC_ARC = YES;
				CLANG_ENABLE_OBJC_WEAK = YES;
				CLANG_WARN_BLOCK_CAPTURE_AUTORELEASING = YES;
				CLANG_WARN_BOOL_CONVERSION = YES;
				CLANG_WARN_COMMA = YES;
				CLANG_WARN_CONSTANT_CONVERSION = YES;
				CLANG_WARN_DEPRECATED_OBJC_IMPLEMENTATIONS = YES;
				CLANG_WARN_DIRECT_OBJC_ISA_USAGE = YES_ERROR;
				CLANG_WARN_DOCUMENTATION_COMMENTS = YES;
				CLANG_WARN_EMPTY_BODY = YES;
				CLANG_WARN_ENUM_CONVERSION = YES;
				CLANG_WARN_INFINITE_RECURSION = YES;
				CLANG_WARN_INT_CONVERSION = YES;
				CLANG_WARN_NON_LITERAL_NULL_CONVERSION = YES;
				CLANG_WARN_OBJC_IMPLICIT_RETAIN_SELF = YES;
				CLANG_WARN_OBJC_LITERAL_CONVERSION = YES;
				CLANG_WARN_OBJC_ROOT_CLASS = YES_ERROR;
				CLANG_WARN_QUOTED_INCLUDE_IN_FRAMEWORK_HEADER = YES;
				CLANG_WARN_RANGE_LOOP_ANALYSIS = YES;
				CLANG_WARN_STRICT_PROTOTYPES = YES;
				CLANG_WARN_SUSPICIOUS_MOVE = YES;
				CLANG_WARN_UNGUARDED_AVAILABILITY = YES_AGGRESSIVE;
				CLANG_WARN_UNREACHABLE_CODE = YES;
				CLANG_WARN__DUPLICATE_METHOD_MATCH = YES;
				COPY_PHASE_STRIP = NO;
				DEBUG_INFORMATION_FORMAT = dwarf;
				ENABLE_STRICT_OBJC_MSGSEND = YES;
				ENABLE_TESTABILITY = YES;
				ENABLE_USER_SCRIPT_SANDBOXING = YES;
				GCC_C_LANGUAGE_STANDARD = gnu17;
				GCC_DYNAMIC_NO_PIC = NO;
				GCC_NO_COMMON_BLOCKS = YES;
				GCC_OPTIMIZATION_LEVEL = 0;
				GCC_PREPROCESSOR_DEFINITIONS = (
					"DEBUG=1",
					"$(inherited)",
				);
				GCC_WARN_64_TO_32_BIT_CONVERSION = YES;
				GCC_WARN_ABOUT_RETURN_TYPE = YES_ERROR;
				GCC_WARN_UNDECLARED_SELECTOR = YES;
				GCC_WARN_UNINITIALIZED_AUTOS = YES_AGGRESSIVE;
				GCC_WARN_UNUSED_FUNCTION = YES;
				GCC_WARN_UNUSED_VARIABLE = YES;
				IPHONEOS_DEPLOYMENT_TARGET = 17.0;
				LOCALIZATION_PREFERS_STRING_CATALOGS = YES;
				MTL_ENABLE_DEBUG_INFO = INCLUDE_SOURCE;
				MTL_FAST_MATH = YES;
				ONLY_ACTIVE_ARCH = YES;
				SDKROOT = iphoneos;
				SWIFT_ACTIVE_COMPILATION_CONDITIONS = "DEBUG $(inherited)";
				SWIFT_OPTIMIZATION_LEVEL = "-Onone";
			};
			name = Debug;
		};
		E4E16E0D2B08039C00413E88 /* Release */ = {
			isa = XCBuildConfiguration;
			buildSettings = {
				ALWAYS_SEARCH_USER_PATHS = NO;
				ASSETCATALOG_COMPILER_GENERATE_SWIFT_ASSET_SYMBOL_EXTENSIONS = YES;
				CLANG_ANALYZER_NONNULL = YES;
				CLANG_ANALYZER_NUMBER_OBJECT_CONVERSION = YES_AGGRESSIVE;
				CLANG_CXX_LANGUAGE_STANDARD = "gnu++20";
				CLANG_ENABLE_MODULES = YES;
				CLANG_ENABLE_OBJC_ARC = YES;
				CLANG_ENABLE_OBJC_WEAK = YES;
				CLANG_WARN_BLOCK_CAPTURE_AUTORELEASING = YES;
				CLANG_WARN_BOOL_CONVERSION = YES;
				CLANG_WARN_COMMA = YES;
				CLANG_WARN_CONSTANT_CONVERSION = YES;
				CLANG_WARN_DEPRECATED_OBJC_IMPLEMENTATIONS = YES;
				CLANG_WARN_DIRECT_OBJC_ISA_USAGE = YES_ERROR;
				CLANG_WARN_DOCUMENTATION_COMMENTS = YES;
				CLANG_WARN_EMPTY_BODY = YES;
				CLANG_WARN_ENUM_CONVERSION = YES;
				CLANG_WARN_INFINITE_RECURSION = YES;
				CLANG_WARN_INT_CONVERSION = YES;
				CLANG_WARN_NON_LITERAL_NULL_CONVERSION = YES;
				CLANG_WARN_OBJC_IMPLICIT_RETAIN_SELF = YES;
				CLANG_WARN_OBJC_LITERAL_CONVERSION = YES;
				CLANG_WARN_OBJC_ROOT_CLASS = YES_ERROR;
				CLANG_WARN_QUOTED_INCLUDE_IN_FRAMEWORK_HEADER = YES;
				CLANG_WARN_RANGE_LOOP_ANALYSIS = YES;
				CLANG_WARN_STRICT_PROTOTYPES = YES;
				CLANG_WARN_SUSPICIOUS_MOVE = YES;
				CLANG_WARN_UNGUARDED_AVAILABILITY = YES_AGGRESSIVE;
				CLANG_WARN_UNREACHABLE_CODE = YES;
				CLANG_WARN__DUPLICATE_METHOD_MATCH = YES;
				COPY_PHASE_STRIP = NO;
				DEBUG_INFORMATION_FORMAT = "dwarf-with-dsym";
				ENABLE_NS_ASSERTIONS = NO;
				ENABLE_STRICT_OBJC_MSGSEND = YES;
				ENABLE_USER_SCRIPT_SANDBOXING = YES;
				GCC_C_LANGUAGE_STANDARD = gnu17;
				GCC_NO_COMMON_BLOCKS = YES;
				GCC_WARN_64_TO_32_BIT_CONVERSION = YES;
				GCC_WARN_ABOUT_RETURN_TYPE = YES_ERROR;
				GCC_WARN_UNDECLARED_SELECTOR = YES;
				GCC_WARN_UNINITIALIZED_AUTOS = YES_AGGRESSIVE;
				GCC_WARN_UNUSED_FUNCTION = YES;
				GCC_WARN_UNUSED_VARIABLE = YES;
				IPHONEOS_DEPLOYMENT_TARGET = 17.0;
				LOCALIZATION_PREFERS_STRING_CATALOGS = YES;
				MTL_ENABLE_DEBUG_INFO = NO;
				MTL_FAST_MATH = YES;
				SDKROOT = iphoneos;
				SWIFT_COMPILATION_MODE = wholemodule;
				VALIDATE_PRODUCT = YES;
			};
			name = Release;
		};
		E4E16E0F2B08039C00413E88 /* Debug */ = {
			isa = XCBuildConfiguration;
			buildSettings = {
				ASSETCATALOG_COMPILER_APPICON_NAME = AppIcon;
				ASSETCATALOG_COMPILER_GLOBAL_ACCENT_COLOR_NAME = AccentColor;
				CODE_SIGN_STYLE = Automatic;
				CURRENT_PROJECT_VERSION = 1;
				DEVELOPMENT_TEAM = B8FRDZF569;
				GENERATE_INFOPLIST_FILE = YES;
				INFOPLIST_FILE = MediSimplify/Info.plist;
				INFOPLIST_KEY_UIApplicationSupportsIndirectInputEvents = YES;
				INFOPLIST_KEY_UILaunchStoryboardName = LaunchScreen;
				INFOPLIST_KEY_UIMainStoryboardFile = Main;
				INFOPLIST_KEY_UISupportedInterfaceOrientations_iPad = "UIInterfaceOrientationPortrait UIInterfaceOrientationPortraitUpsideDown UIInterfaceOrientationLandscapeLeft UIInterfaceOrientationLandscapeRight";
				INFOPLIST_KEY_UISupportedInterfaceOrientations_iPhone = "UIInterfaceOrientationPortrait UIInterfaceOrientationLandscapeLeft UIInterfaceOrientationLandscapeRight";
				LD_RUNPATH_SEARCH_PATHS = (
					"$(inherited)",
					"@executable_path/Frameworks",
				);
				MARKETING_VERSION = 1.0;
				PRODUCT_BUNDLE_IDENTIFIER = com.Github.Codepath.MediSimplify;
				PRODUCT_NAME = "$(TARGET_NAME)";
				SWIFT_EMIT_LOC_STRINGS = YES;
				SWIFT_VERSION = 5.0;
				TARGETED_DEVICE_FAMILY = "1,2";
			};
			name = Debug;
		};
		E4E16E102B08039C00413E88 /* Release */ = {
			isa = XCBuildConfiguration;
			buildSettings = {
				ASSETCATALOG_COMPILER_APPICON_NAME = AppIcon;
				ASSETCATALOG_COMPILER_GLOBAL_ACCENT_COLOR_NAME = AccentColor;
				CODE_SIGN_STYLE = Automatic;
				CURRENT_PROJECT_VERSION = 1;
				DEVELOPMENT_TEAM = B8FRDZF569;
				GENERATE_INFOPLIST_FILE = YES;
				INFOPLIST_FILE = MediSimplify/Info.plist;
				INFOPLIST_KEY_UIApplicationSupportsIndirectInputEvents = YES;
				INFOPLIST_KEY_UILaunchStoryboardName = LaunchScreen;
				INFOPLIST_KEY_UIMainStoryboardFile = Main;
				INFOPLIST_KEY_UISupportedInterfaceOrientations_iPad = "UIInterfaceOrientationPortrait UIInterfaceOrientationPortraitUpsideDown UIInterfaceOrientationLandscapeLeft UIInterfaceOrientationLandscapeRight";
				INFOPLIST_KEY_UISupportedInterfaceOrientations_iPhone = "UIInterfaceOrientationPortrait UIInterfaceOrientationLandscapeLeft UIInterfaceOrientationLandscapeRight";
				LD_RUNPATH_SEARCH_PATHS = (
					"$(inherited)",
					"@executable_path/Frameworks",
				);
				MARKETING_VERSION = 1.0;
				PRODUCT_BUNDLE_IDENTIFIER = com.Github.Codepath.MediSimplify;
				PRODUCT_NAME = "$(TARGET_NAME)";
				SWIFT_EMIT_LOC_STRINGS = YES;
				SWIFT_VERSION = 5.0;
				TARGETED_DEVICE_FAMILY = "1,2";
			};
			name = Release;
		};
/* End XCBuildConfiguration section */

/* Begin XCConfigurationList section */
		E4E16DF52B08039800413E88 /* Build configuration list for PBXProject "MediSimplify" */ = {
			isa = XCConfigurationList;
			buildConfigurations = (
				E4E16E0C2B08039C00413E88 /* Debug */,
				E4E16E0D2B08039C00413E88 /* Release */,
			);
			defaultConfigurationIsVisible = 0;
			defaultConfigurationName = Release;
		};
		E4E16E0E2B08039C00413E88 /* Build configuration list for PBXNativeTarget "MediSimplify" */ = {
			isa = XCConfigurationList;
			buildConfigurations = (
				E4E16E0F2B08039C00413E88 /* Debug */,
				E4E16E102B08039C00413E88 /* Release */,
			);
			defaultConfigurationIsVisible = 0;
			defaultConfigurationName = Release;
		};
/* End XCConfigurationList section */
	};
	rootObject = E4E16DF22B08039800413E88 /* Project object */;
}
